{
  "name": "@moveroo/fleet-content-quality",
  "version": "1.0.0",
  "lockfileVersion": 3,
  "requires": true,
  "packages": {
    "": {
      "name": "@moveroo/fleet-content-quality",
      "version": "1.0.0",
      "license": "UNLICENSED",
      "bin": {
        "fleet-content-quality": "src/cli.mjs"
      },
      "engines": {
        "node": ">=22"
      }
    }
  }
}
